// !$*UTF8*$!
{
	archiveVersion = 1;
	classes = {
	};
	objectVersion = 77;
	objects = {

/* Begin PBXBuildFile section */
		5F92FF1E2E62E43C00A917E5 /* MoviesTRApp.swift in Sources */ = {isa = PBXBuildFile; fileRef = 5F92FF112E62E43C00A917E5 /* MoviesTRApp.swift */; };
		5F92FF1F2E62E43C00A917E5 /* MoviesList.swift in Sources */ = {isa = PBXBuildFile; fileRef = 5F92FF1C2E62E43C00A917E5 /* MoviesList.swift */; };
		5F92FF202E62E43C00A917E5 /* Assets.xcassets in Resources */ = {isa = PBXBuildFile; fileRef = 5F92FF1B2E62E43C00A917E5 /* Assets.xcassets */; };
		5F92FF2B2E63D73300A917E5 /* Movie.swift in Sources */ = {isa = PBXBuildFile; fileRef = 5F92FF2A2E63D73300A917E5 /* Movie.swift */; };
		5F92FF3E2E63E52900A917E5 /* MovieRepository.swift in Sources */ = {isa = PBXBuildFile; fileRef = 5F92FF3D2E63E52300A917E5 /* MovieRepository.swift */; };
		5F92FF452E63E65800A917E5 /* GetMoviesUseCaseTests.swift in Sources */ = {isa = PBXBuildFile; fileRef = 5F92FF422E63E65800A917E5 /* GetMoviesUseCaseTests.swift */; };
		5F92FF472E63FCBD00A917E5 /* GetMoviesUseCase.swift in Sources */ = {isa = PBXBuildFile; fileRef = 5F92FF462E63FCB800A917E5 /* GetMoviesUseCase.swift */; };
		5F92FF4B2E63FCF100A917E5 /* MovieDetail.swift in Sources */ = {isa = PBXBuildFile; fileRef = 5F92FF4A2E63FCE900A917E5 /* MovieDetail.swift */; };
		5F92FF532E63FE5100A917E5 /* GetMovieDetailUseCaseTests.swift in Sources */ = {isa = PBXBuildFile; fileRef = 5F92FF522E63FE5100A917E5 /* GetMovieDetailUseCaseTests.swift */; };
		5F92FF552E6437A300A917E5 /* GetMovieDetailsUseCase.swift in Sources */ = {isa = PBXBuildFile; fileRef = 5F92FF542E64379F00A917E5 /* GetMovieDetailsUseCase.swift */; };
		5F92FF5D2E646EFA00A917E5 /* NetworkServiceTests.swift in Sources */ = {isa = PBXBuildFile; fileRef = 5F92FF5C2E646EF400A917E5 /* NetworkServiceTests.swift */; };
		5F92FF622E64BF5E00A917E5 /* NetworkService.swift in Sources */ = {isa = PBXBuildFile; fileRef = 5F92FF612E64BF5700A917E5 /* NetworkService.swift */; };
/* End PBXBuildFile section */

/* Begin PBXContainerItemProxy section */
		5F92FF342E63D7AE00A917E5 /* PBXContainerItemProxy */ = {
			isa = PBXContainerItemProxy;
			containerPortal = 5F265FF72E62719F00D7861F /* Project object */;
			proxyType = 1;
			remoteGlobalIDString = 5F265FFE2E62719F00D7861F;
			remoteInfo = MoviesTR;
		};
/* End PBXContainerItemProxy section */

/* Begin PBXFileReference section */
		5F265FFF2E62719F00D7861F /* MoviesTR.app */ = {isa = PBXFileReference; explicitFileType = wrapper.application; includeInIndex = 0; path = MoviesTR.app; sourceTree = BUILT_PRODUCTS_DIR; };
		5F92FF112E62E43C00A917E5 /* MoviesTRApp.swift */ = {isa = PBXFileReference; lastKnownFileType = sourcecode.swift; path = MoviesTRApp.swift; sourceTree = "<group>"; };
		5F92FF1B2E62E43C00A917E5 /* Assets.xcassets */ = {isa = PBXFileReference; lastKnownFileType = folder.assetcatalog; path = Assets.xcassets; sourceTree = "<group>"; };
		5F92FF1C2E62E43C00A917E5 /* MoviesList.swift */ = {isa = PBXFileReference; lastKnownFileType = sourcecode.swift; path = MoviesList.swift; sourceTree = "<group>"; };
		5F92FF2A2E63D73300A917E5 /* Movie.swift */ = {isa = PBXFileReference; lastKnownFileType = sourcecode.swift; path = Movie.swift; sourceTree = "<group>"; };
		5F92FF302E63D7AE00A917E5 /* MoviesTRTests.xctest */ = {isa = PBXFileReference; explicitFileType = wrapper.cfbundle; includeInIndex = 0; path = MoviesTRTests.xctest; sourceTree = BUILT_PRODUCTS_DIR; };
		5F92FF3C2E63D9C900A917E5 /* MoviesTR.xctestplan */ = {isa = PBXFileReference; lastKnownFileType = text; path = MoviesTR.xctestplan; sourceTree = "<group>"; };
		5F92FF3D2E63E52300A917E5 /* MovieRepository.swift */ = {isa = PBXFileReference; lastKnownFileType = sourcecode.swift; path = MovieRepository.swift; sourceTree = "<group>"; };
		5F92FF422E63E65800A917E5 /* GetMoviesUseCaseTests.swift */ = {isa = PBXFileReference; lastKnownFileType = sourcecode.swift; path = GetMoviesUseCaseTests.swift; sourceTree = "<group>"; };
		5F92FF462E63FCB800A917E5 /* GetMoviesUseCase.swift */ = {isa = PBXFileReference; lastKnownFileType = sourcecode.swift; path = GetMoviesUseCase.swift; sourceTree = "<group>"; };
		5F92FF4A2E63FCE900A917E5 /* MovieDetail.swift */ = {isa = PBXFileReference; lastKnownFileType = sourcecode.swift; path = MovieDetail.swift; sourceTree = "<group>"; };
		5F92FF522E63FE5100A917E5 /* GetMovieDetailUseCaseTests.swift */ = {isa = PBXFileReference; lastKnownFileType = sourcecode.swift; path = GetMovieDetailUseCaseTests.swift; sourceTree = "<group>"; };
		5F92FF542E64379F00A917E5 /* GetMovieDetailsUseCase.swift */ = {isa = PBXFileReference; lastKnownFileType = sourcecode.swift; path = GetMovieDetailsUseCase.swift; sourceTree = "<group>"; };
		5F92FF5C2E646EF400A917E5 /* NetworkServiceTests.swift */ = {isa = PBXFileReference; lastKnownFileType = sourcecode.swift; path = NetworkServiceTests.swift; sourceTree = "<group>"; };
		5F92FF612E64BF5700A917E5 /* NetworkService.swift */ = {isa = PBXFileReference; lastKnownFileType = sourcecode.swift; path = NetworkService.swift; sourceTree = "<group>"; };
/* End PBXFileReference section */

/* Begin PBXFrameworksBuildPhase section */
		5F265FFC2E62719F00D7861F /* Frameworks */ = {
			isa = PBXFrameworksBuildPhase;
			buildActionMask = 2147483647;
			files = (
			);
			runOnlyForDeploymentPostprocessing = 0;
		};
		5F92FF2D2E63D7AE00A917E5 /* Frameworks */ = {
			isa = PBXFrameworksBuildPhase;
			buildActionMask = 2147483647;
			files = (
			);
			runOnlyForDeploymentPostprocessing = 0;
		};
/* End PBXFrameworksBuildPhase section */

/* Begin PBXGroup section */
		5F265FF62E62719F00D7861F = {
			isa = PBXGroup;
			children = (
				5F92FF3C2E63D9C900A917E5 /* MoviesTR.xctestplan */,
				5F92FF1D2E62E43C00A917E5 /* MoviesTR */,
				5F92FF3A2E63D8BE00A917E5 /* MoviesTRTests */,
				5F2660002E62719F00D7861F /* Products */,
			);
			sourceTree = "<group>";
		};
		5F2660002E62719F00D7861F /* Products */ = {
			isa = PBXGroup;
			children = (
				5F265FFF2E62719F00D7861F /* MoviesTR.app */,
				5F92FF302E63D7AE00A917E5 /* MoviesTRTests.xctest */,
			);
			name = Products;
			sourceTree = "<group>";
		};
		5F92FF122E62E43C00A917E5 /* Application */ = {
			isa = PBXGroup;
			children = (
				5F92FF112E62E43C00A917E5 /* MoviesTRApp.swift */,
			);
			path = Application;
			sourceTree = "<group>";
		};
		5F92FF132E62E43C00A917E5 /* Entities */ = {
			isa = PBXGroup;
			children = (
				5F92FF2A2E63D73300A917E5 /* Movie.swift */,
				5F92FF4A2E63FCE900A917E5 /* MovieDetail.swift */,
			);
			path = Entities;
			sourceTree = "<group>";
		};
		5F92FF142E62E43C00A917E5 /* Repositories */ = {
			isa = PBXGroup;
			children = (
				5F92FF3D2E63E52300A917E5 /* MovieRepository.swift */,
			);
			path = Repositories;
			sourceTree = "<group>";
		};
		5F92FF162E62E43C00A917E5 /* Domain */ = {
			isa = PBXGroup;
			children = (
				5F92FF132E62E43C00A917E5 /* Entities */,
				5F92FF142E62E43C00A917E5 /* Repositories */,
				5F92FF242E62FA9B00A917E5 /* UseCases */,
			);
			path = Domain;
			sourceTree = "<group>";
		};
		5F92FF1A2E62E43C00A917E5 /* Presentation */ = {
			isa = PBXGroup;
			children = (
				5F92FF232E62E59E00A917E5 /* MoviesList */,
			);
			path = Presentation;
			sourceTree = "<group>";
		};
		5F92FF1D2E62E43C00A917E5 /* MoviesTR */ = {
			isa = PBXGroup;
			children = (
				5F92FF1B2E62E43C00A917E5 /* Assets.xcassets */,
				5F92FF122E62E43C00A917E5 /* Application */,
				5F92FF252E62FAAE00A917E5 /* Data */,
				5F92FF162E62E43C00A917E5 /* Domain */,
				5F92FF1A2E62E43C00A917E5 /* Presentation */,
			);
			path = MoviesTR;
			sourceTree = "<group>";
		};
		5F92FF232E62E59E00A917E5 /* MoviesList */ = {
			isa = PBXGroup;
			children = (
				5F92FF1C2E62E43C00A917E5 /* MoviesList.swift */,
			);
			path = MoviesList;
			sourceTree = "<group>";
		};
		5F92FF242E62FA9B00A917E5 /* UseCases */ = {
			isa = PBXGroup;
			children = (
				5F92FF462E63FCB800A917E5 /* GetMoviesUseCase.swift */,
				5F92FF542E64379F00A917E5 /* GetMovieDetailsUseCase.swift */,
			);
			path = UseCases;
			sourceTree = "<group>";
		};
		5F92FF252E62FAAE00A917E5 /* Data */ = {
			isa = PBXGroup;
			children = (
				5F92FF262E62FAB700A917E5 /* Network */,
				5F92FF272E62FACE00A917E5 /* Persistence */,
			);
			path = Data;
			sourceTree = "<group>";
		};
		5F92FF262E62FAB700A917E5 /* Network */ = {
			isa = PBXGroup;
			children = (
				5F92FF612E64BF5700A917E5 /* NetworkService.swift */,
			);
			path = Network;
			sourceTree = "<group>";
		};
		5F92FF272E62FACE00A917E5 /* Persistence */ = {
			isa = PBXGroup;
			children = (
			);
			path = Persistence;
			sourceTree = "<group>";
		};
		5F92FF3A2E63D8BE00A917E5 /* MoviesTRTests */ = {
			isa = PBXGroup;
			children = (
				5F92FF5A2E646EE700A917E5 /* Data */,
				5F92FF442E63E65800A917E5 /* Domain */,
			);
			path = MoviesTRTests;
			sourceTree = "<group>";
		};
		5F92FF432E63E65800A917E5 /* UseCases */ = {
			isa = PBXGroup;
			children = (
				5F92FF422E63E65800A917E5 /* GetMoviesUseCaseTests.swift */,
				5F92FF522E63FE5100A917E5 /* GetMovieDetailUseCaseTests.swift */,
			);
			path = UseCases;
			sourceTree = "<group>";
		};
		5F92FF442E63E65800A917E5 /* Domain */ = {
			isa = PBXGroup;
			children = (
				5F92FF432E63E65800A917E5 /* UseCases */,
			);
			path = Domain;
			sourceTree = "<group>";
		};
		5F92FF5A2E646EE700A917E5 /* Data */ = {
			isa = PBXGroup;
			children = (
				5F92FF5B2E646EEC00A917E5 /* Network */,
			);
			path = Data;
			sourceTree = "<group>";
		};
		5F92FF5B2E646EEC00A917E5 /* Network */ = {
			isa = PBXGroup;
			children = (
				5F92FF5C2E646EF400A917E5 /* NetworkServiceTests.swift */,
			);
			path = Network;
			sourceTree = "<group>";
		};
/* End PBXGroup section */

/* Begin PBXNativeTarget section */
		5F265FFE2E62719F00D7861F /* MoviesTR */ = {
			isa = PBXNativeTarget;
			buildConfigurationList = 5F26600A2E6271A100D7861F /* Build configuration list for PBXNativeTarget "MoviesTR" */;
			buildPhases = (
				5F265FFB2E62719F00D7861F /* Sources */,
				5F265FFC2E62719F00D7861F /* Frameworks */,
				5F265FFD2E62719F00D7861F /* Resources */,
			);
			buildRules = (
			);
			dependencies = (
			);
			name = MoviesTR;
			packageProductDependencies = (
			);
			productName = MoviesTR;
			productReference = 5F265FFF2E62719F00D7861F /* MoviesTR.app */;
			productType = "com.apple.product-type.application";
		};
		5F92FF2F2E63D7AE00A917E5 /* MoviesTRTests */ = {
			isa = PBXNativeTarget;
			buildConfigurationList = 5F92FF362E63D7AE00A917E5 /* Build configuration list for PBXNativeTarget "MoviesTRTests" */;
			buildPhases = (
				5F92FF2C2E63D7AE00A917E5 /* Sources */,
				5F92FF2D2E63D7AE00A917E5 /* Frameworks */,
				5F92FF2E2E63D7AE00A917E5 /* Resources */,
			);
			buildRules = (
			);
			dependencies = (
				5F92FF352E63D7AE00A917E5 /* PBXTargetDependency */,
			);
			name = MoviesTRTests;
			packageProductDependencies = (
			);
			productName = MoviesTRTests;
			productReference = 5F92FF302E63D7AE00A917E5 /* MoviesTRTests.xctest */;
			productType = "com.apple.product-type.bundle.unit-test";
		};
/* End PBXNativeTarget section */

/* Begin PBXProject section */
		5F265FF72E62719F00D7861F /* Project object */ = {
			isa = PBXProject;
			attributes = {
				BuildIndependentTargetsInParallel = 1;
				LastSwiftUpdateCheck = 1630;
				LastUpgradeCheck = 1630;
				TargetAttributes = {
					5F265FFE2E62719F00D7861F = {
						CreatedOnToolsVersion = 16.3;
					};
					5F92FF2F2E63D7AE00A917E5 = {
						CreatedOnToolsVersion = 16.3;
						LastSwiftMigration = 1630;
						TestTargetID = 5F265FFE2E62719F00D7861F;
					};
				};
			};
			buildConfigurationList = 5F265FFA2E62719F00D7861F /* Build configuration list for PBXProject "MoviesTR" */;
			developmentRegion = en;
			hasScannedForEncodings = 0;
			knownRegions = (
				en,
				Base,
			);
			mainGroup = 5F265FF62E62719F00D7861F;
			minimizedProjectReferenceProxies = 1;
			preferredProjectObjectVersion = 77;
			productRefGroup = 5F2660002E62719F00D7861F /* Products */;
			projectDirPath = "";
			projectRoot = "";
			targets = (
				5F265FFE2E62719F00D7861F /* MoviesTR */,
				5F92FF2F2E63D7AE00A917E5 /* MoviesTRTests */,
			);
		};
/* End PBXProject section */

/* Begin PBXResourcesBuildPhase section */
		5F265FFD2E62719F00D7861F /* Resources */ = {
			isa = PBXResourcesBuildPhase;
			buildActionMask = 2147483647;
			files = (
				5F92FF202E62E43C00A917E5 /* Assets.xcassets in Resources */,
			);
			runOnlyForDeploymentPostprocessing = 0;
		};
		5F92FF2E2E63D7AE00A917E5 /* Resources */ = {
			isa = PBXResourcesBuildPhase;
			buildActionMask = 2147483647;
			files = (
			);
			runOnlyForDeploymentPostprocessing = 0;
		};
/* End PBXResourcesBuildPhase section */

/* Begin PBXSourcesBuildPhase section */
		5F265FFB2E62719F00D7861F /* Sources */ = {
			isa = PBXSourcesBuildPhase;
			buildActionMask = 2147483647;
			files = (
				5F92FF3E2E63E52900A917E5 /* MovieRepository.swift in Sources */,
				5F92FF472E63FCBD00A917E5 /* GetMoviesUseCase.swift in Sources */,
				5F92FF622E64BF5E00A917E5 /* NetworkService.swift in Sources */,
				5F92FF1E2E62E43C00A917E5 /* MoviesTRApp.swift in Sources */,
				5F92FF4B2E63FCF100A917E5 /* MovieDetail.swift in Sources */,
				5F92FF1F2E62E43C00A917E5 /* MoviesList.swift in Sources */,
				5F92FF552E6437A300A917E5 /* GetMovieDetailsUseCase.swift in Sources */,
				5F92FF2B2E63D73300A917E5 /* Movie.swift in Sources */,
			);
			runOnlyForDeploymentPostprocessing = 0;
		};
		5F92FF2C2E63D7AE00A917E5 /* Sources */ = {
			isa = PBXSourcesBuildPhase;
			buildActionMask = 2147483647;
			files = (
				5F92FF532E63FE5100A917E5 /* GetMovieDetailUseCaseTests.swift in Sources */,
				5F92FF5D2E646EFA00A917E5 /* NetworkServiceTests.swift in Sources */,
				5F92FF452E63E65800A917E5 /* GetMoviesUseCaseTests.swift in Sources */,
			);
			runOnlyForDeploymentPostprocessing = 0;
		};
/* End PBXSourcesBuildPhase section */

/* Begin PBXTargetDependency section */
		5F92FF352E63D7AE00A917E5 /* PBXTargetDependency */ = {
			isa = PBXTargetDependency;
			target = 5F265FFE2E62719F00D7861F /* MoviesTR */;
			targetProxy = 5F92FF342E63D7AE00A917E5 /* PBXContainerItemProxy */;
		};
/* End PBXTargetDependency section */

/* Begin XCBuildConfiguration section */
		5F2660082E6271A100D7861F /* Debug */ = {
			isa = XCBuildConfiguration;
			buildSettings = {
				ALWAYS_SEARCH_USER_PATHS = NO;
				ASSETCATALOG_COMPILER_GENERATE_SWIFT_ASSET_SYMBOL_EXTENSIONS = YES;
				CLANG_ANALYZER_NONNULL = YES;
				CLANG_ANALYZER_NUMBER_OBJECT_CONVERSION = YES_AGGRESSIVE;
				CLANG_CXX_LANGUAGE_STANDARD = "gnu++20";
				CLANG_ENABLE_MODULES = YES;
				CLANG_ENABLE_OBJC_ARC = YES;
				CLANG_ENABLE_OBJC_WEAK = YES;
				CLANG_WARN_BLOCK_CAPTURE_AUTORELEASING = YES;
				CLANG_WARN_BOOL_CONVERSION = YES;
				CLANG_WARN_COMMA = YES;
				CLANG_WARN_CONSTANT_CONVERSION = YES;
				CLANG_WARN_DEPRECATED_OBJC_IMPLEMENTATIONS = YES;
				CLANG_WARN_DIRECT_OBJC_ISA_USAGE = YES_ERROR;
				CLANG_WARN_DOCUMENTATION_COMMENTS = YES;
				CLANG_WARN_EMPTY_BODY = YES;
				CLANG_WARN_ENUM_CONVERSION = YES;
				CLANG_WARN_INFINITE_RECURSION = YES;
				CLANG_WARN_INT_CONVERSION = YES;
				CLANG_WARN_NON_LITERAL_NULL_CONVERSION = YES;
				CLANG_WARN_OBJC_IMPLICIT_RETAIN_SELF = YES;
				CLANG_WARN_OBJC_LITERAL_CONVERSION = YES;
				CLANG_WARN_OBJC_ROOT_CLASS = YES_ERROR;
				CLANG_WARN_QUOTED_INCLUDE_IN_FRAMEWORK_HEADER = YES;
				CLANG_WARN_RANGE_LOOP_ANALYSIS = YES;
				CLANG_WARN_STRICT_PROTOTYPES = YES;
				CLANG_WARN_SUSPICIOUS_MOVE = YES;
				CLANG_WARN_UNGUARDED_AVAILABILITY = YES_AGGRESSIVE;
				CLANG_WARN_UNREACHABLE_CODE = YES;
				CLANG_WARN__DUPLICATE_METHOD_MATCH = YES;
				COPY_PHASE_STRIP = NO;
				DEBUG_INFORMATION_FORMAT = dwarf;
				DEVELOPMENT_TEAM = C8X33J96A7;
				ENABLE_STRICT_OBJC_MSGSEND = YES;
				ENABLE_TESTABILITY = YES;
				ENABLE_USER_SCRIPT_SANDBOXING = YES;
				GCC_C_LANGUAGE_STANDARD = gnu17;
				GCC_DYNAMIC_NO_PIC = NO;
				GCC_NO_COMMON_BLOCKS = YES;
				GCC_OPTIMIZATION_LEVEL = 0;
				GCC_PREPROCESSOR_DEFINITIONS = (
					"DEBUG=1",
					"$(inherited)",
				);
				GCC_WARN_64_TO_32_BIT_CONVERSION = YES;
				GCC_WARN_ABOUT_RETURN_TYPE = YES_ERROR;
				GCC_WARN_UNDECLARED_SELECTOR = YES;
				GCC_WARN_UNINITIALIZED_AUTOS = YES_AGGRESSIVE;
				GCC_WARN_UNUSED_FUNCTION = YES;
				GCC_WARN_UNUSED_VARIABLE = YES;
				IPHONEOS_DEPLOYMENT_TARGET = 18.4;
				LOCALIZATION_PREFERS_STRING_CATALOGS = YES;
				MTL_ENABLE_DEBUG_INFO = INCLUDE_SOURCE;
				MTL_FAST_MATH = YES;
				ONLY_ACTIVE_ARCH = YES;
				SDKROOT = iphoneos;
				SWIFT_ACTIVE_COMPILATION_CONDITIONS = "DEBUG $(inherited)";
				SWIFT_OPTIMIZATION_LEVEL = "-Onone";
			};
			name = Debug;
		};
		5F2660092E6271A100D7861F /* Release */ = {
			isa = XCBuildConfiguration;
			buildSettings = {
				ALWAYS_SEARCH_USER_PATHS = NO;
				ASSETCATALOG_COMPILER_GENERATE_SWIFT_ASSET_SYMBOL_EXTENSIONS = YES;
				CLANG_ANALYZER_NONNULL = YES;
				CLANG_ANALYZER_NUMBER_OBJECT_CONVERSION = YES_AGGRESSIVE;
				CLANG_CXX_LANGUAGE_STANDARD = "gnu++20";
				CLANG_ENABLE_MODULES = YES;
				CLANG_ENABLE_OBJC_ARC = YES;
				CLANG_ENABLE_OBJC_WEAK = YES;
				CLANG_WARN_BLOCK_CAPTURE_AUTORELEASING = YES;
				CLANG_WARN_BOOL_CONVERSION = YES;
				CLANG_WARN_COMMA = YES;
				CLANG_WARN_CONSTANT_CONVERSION = YES;
				CLANG_WARN_DEPRECATED_OBJC_IMPLEMENTATIONS = YES;
				CLANG_WARN_DIRECT_OBJC_ISA_USAGE = YES_ERROR;
				CLANG_WARN_DOCUMENTATION_COMMENTS = YES;
				CLANG_WARN_EMPTY_BODY = YES;
				CLANG_WARN_ENUM_CONVERSION = YES;
				CLANG_WARN_INFINITE_RECURSION = YES;
				CLANG_WARN_INT_CONVERSION = YES;
				CLANG_WARN_NON_LITERAL_NULL_CONVERSION = YES;
				CLANG_WARN_OBJC_IMPLICIT_RETAIN_SELF = YES;
				CLANG_WARN_OBJC_LITERAL_CONVERSION = YES;
				CLANG_WARN_OBJC_ROOT_CLASS = YES_ERROR;
				CLANG_WARN_QUOTED_INCLUDE_IN_FRAMEWORK_HEADER = YES;
				CLANG_WARN_RANGE_LOOP_ANALYSIS = YES;
				CLANG_WARN_STRICT_PROTOTYPES = YES;
				CLANG_WARN_SUSPICIOUS_MOVE = YES;
				CLANG_WARN_UNGUARDED_AVAILABILITY = YES_AGGRESSIVE;
				CLANG_WARN_UNREACHABLE_CODE = YES;
				CLANG_WARN__DUPLICATE_METHOD_MATCH = YES;
				COPY_PHASE_STRIP = NO;
				DEBUG_INFORMATION_FORMAT = "dwarf-with-dsym";
				DEVELOPMENT_TEAM = C8X33J96A7;
				ENABLE_NS_ASSERTIONS = NO;
				ENABLE_STRICT_OBJC_MSGSEND = YES;
				ENABLE_USER_SCRIPT_SANDBOXING = YES;
				GCC_C_LANGUAGE_STANDARD = gnu17;
				GCC_NO_COMMON_BLOCKS = YES;
				GCC_WARN_64_TO_32_BIT_CONVERSION = YES;
				GCC_WARN_ABOUT_RETURN_TYPE = YES_ERROR;
				GCC_WARN_UNDECLARED_SELECTOR = YES;
				GCC_WARN_UNINITIALIZED_AUTOS = YES_AGGRESSIVE;
				GCC_WARN_UNUSED_FUNCTION = YES;
				GCC_WARN_UNUSED_VARIABLE = YES;
				IPHONEOS_DEPLOYMENT_TARGET = 18.4;
				LOCALIZATION_PREFERS_STRING_CATALOGS = YES;
				MTL_ENABLE_DEBUG_INFO = NO;
				MTL_FAST_MATH = YES;
				SDKROOT = iphoneos;
				SWIFT_COMPILATION_MODE = wholemodule;
				VALIDATE_PRODUCT = YES;
			};
			name = Release;
		};
		5F26600B2E6271A100D7861F /* Debug */ = {
			isa = XCBuildConfiguration;
			buildSettings = {
				ASSETCATALOG_COMPILER_APPICON_NAME = AppIcon;
				ASSETCATALOG_COMPILER_GLOBAL_ACCENT_COLOR_NAME = AccentColor;
				CODE_SIGN_STYLE = Automatic;
				CURRENT_PROJECT_VERSION = 1;
				DEVELOPMENT_TEAM = C8X33J96A7;
				ENABLE_PREVIEWS = YES;
				GENERATE_INFOPLIST_FILE = YES;
				INFOPLIST_KEY_UIApplicationSceneManifest_Generation = YES;
				INFOPLIST_KEY_UIApplicationSupportsIndirectInputEvents = YES;
				INFOPLIST_KEY_UILaunchScreen_Generation = YES;
				INFOPLIST_KEY_UISupportedInterfaceOrientations_iPad = "UIInterfaceOrientationPortrait UIInterfaceOrientationPortraitUpsideDown UIInterfaceOrientationLandscapeLeft UIInterfaceOrientationLandscapeRight";
				INFOPLIST_KEY_UISupportedInterfaceOrientations_iPhone = "UIInterfaceOrientationPortrait UIInterfaceOrientationLandscapeLeft UIInterfaceOrientationLandscapeRight";
				LD_RUNPATH_SEARCH_PATHS = (
					"$(inherited)",
					"@executable_path/Frameworks",
				);
				MARKETING_VERSION = 1.0;
				PRODUCT_BUNDLE_IDENTIFIER = com.meharoof.MoviesTR;
				PRODUCT_NAME = "$(TARGET_NAME)";
				SWIFT_EMIT_LOC_STRINGS = YES;
				SWIFT_VERSION = 5.0;
				TARGETED_DEVICE_FAMILY = "1,2";
			};
			name = Debug;
		};
		5F26600C2E6271A100D7861F /* Release */ = {
			isa = XCBuildConfiguration;
			buildSettings = {
				ASSETCATALOG_COMPILER_APPICON_NAME = AppIcon;
				ASSETCATALOG_COMPILER_GLOBAL_ACCENT_COLOR_NAME = AccentColor;
				CODE_SIGN_STYLE = Automatic;
				CURRENT_PROJECT_VERSION = 1;
				DEVELOPMENT_TEAM = C8X33J96A7;
				ENABLE_PREVIEWS = YES;
				GENERATE_INFOPLIST_FILE = YES;
				INFOPLIST_KEY_UIApplicationSceneManifest_Generation = YES;
				INFOPLIST_KEY_UIApplicationSupportsIndirectInputEvents = YES;
				INFOPLIST_KEY_UILaunchScreen_Generation = YES;
				INFOPLIST_KEY_UISupportedInterfaceOrientations_iPad = "UIInterfaceOrientationPortrait UIInterfaceOrientationPortraitUpsideDown UIInterfaceOrientationLandscapeLeft UIInterfaceOrientationLandscapeRight";
				INFOPLIST_KEY_UISupportedInterfaceOrientations_iPhone = "UIInterfaceOrientationPortrait UIInterfaceOrientationLandscapeLeft UIInterfaceOrientationLandscapeRight";
				LD_RUNPATH_SEARCH_PATHS = (
					"$(inherited)",
					"@executable_path/Frameworks",
				);
				MARKETING_VERSION = 1.0;
				PRODUCT_BUNDLE_IDENTIFIER = com.meharoof.MoviesTR;
				PRODUCT_NAME = "$(TARGET_NAME)";
				SWIFT_EMIT_LOC_STRINGS = YES;
				SWIFT_VERSION = 5.0;
				TARGETED_DEVICE_FAMILY = "1,2";
			};
			name = Release;
		};
		5F92FF372E63D7AE00A917E5 /* Debug */ = {
			isa = XCBuildConfiguration;
			buildSettings = {
				BUNDLE_LOADER = "$(TEST_HOST)";
				CLANG_ENABLE_MODULES = YES;
				CODE_SIGN_STYLE = Automatic;
				CURRENT_PROJECT_VERSION = 1;
				DEVELOPMENT_TEAM = C8X33J96A7;
				GENERATE_INFOPLIST_FILE = YES;
				MARKETING_VERSION = 1.0;
				PRODUCT_BUNDLE_IDENTIFIER = com.meharoof.MoviesTRTests;
				PRODUCT_NAME = "$(TARGET_NAME)";
				SWIFT_EMIT_LOC_STRINGS = NO;
				SWIFT_OPTIMIZATION_LEVEL = "-Onone";
				SWIFT_VERSION = 5.0;
				TARGETED_DEVICE_FAMILY = "1,2";
				TEST_HOST = "$(BUILT_PRODUCTS_DIR)/MoviesTR.app/$(BUNDLE_EXECUTABLE_FOLDER_PATH)/MoviesTR";
			};
			name = Debug;
		};
		5F92FF382E63D7AE00A917E5 /* Release */ = {
			isa = XCBuildConfiguration;
			buildSettings = {
				BUNDLE_LOADER = "$(TEST_HOST)";
				CLANG_ENABLE_MODULES = YES;
				CODE_SIGN_STYLE = Automatic;
				CURRENT_PROJECT_VERSION = 1;
				DEVELOPMENT_TEAM = C8X33J96A7;
				GENERATE_INFOPLIST_FILE = YES;
				MARKETING_VERSION = 1.0;
				PRODUCT_BUNDLE_IDENTIFIER = com.meharoof.MoviesTRTests;
				PRODUCT_NAME = "$(TARGET_NAME)";
				SWIFT_EMIT_LOC_STRINGS = NO;
				SWIFT_VERSION = 5.0;
				TARGETED_DEVICE_FAMILY = "1,2";
				TEST_HOST = "$(BUILT_PRODUCTS_DIR)/MoviesTR.app/$(BUNDLE_EXECUTABLE_FOLDER_PATH)/MoviesTR";
			};
			name = Release;
		};
/* End XCBuildConfiguration section */

/* Begin XCConfigurationList section */
		5F265FFA2E62719F00D7861F /* Build configuration list for PBXProject "MoviesTR" */ = {
			isa = XCConfigurationList;
			buildConfigurations = (
				5F2660082E6271A100D7861F /* Debug */,
				5F2660092E6271A100D7861F /* Release */,
			);
			defaultConfigurationIsVisible = 0;
			defaultConfigurationName = Release;
		};
		5F26600A2E6271A100D7861F /* Build configuration list for PBXNativeTarget "MoviesTR" */ = {
			isa = XCConfigurationList;
			buildConfigurations = (
				5F26600B2E6271A100D7861F /* Debug */,
				5F26600C2E6271A100D7861F /* Release */,
			);
			defaultConfigurationIsVisible = 0;
			defaultConfigurationName = Release;
		};
		5F92FF362E63D7AE00A917E5 /* Build configuration list for PBXNativeTarget "MoviesTRTests" */ = {
			isa = XCConfigurationList;
			buildConfigurations = (
				5F92FF372E63D7AE00A917E5 /* Debug */,
				5F92FF382E63D7AE00A917E5 /* Release */,
			);
			defaultConfigurationIsVisible = 0;
			defaultConfigurationName = Release;
		};
/* End XCConfigurationList section */
	};
	rootObject = 5F265FF72E62719F00D7861F /* Project object */;
}
